
Microsoft Visual Studio Solution File, Format Version 12.00
# Visual Studio Version 17
VisualStudioVersion = 17.1.32421.90
MinimumVisualStudioVersion = 10.0.40219.1
Project("{9A19103F-16F7-4668-BE54-9A1E7A4F7556}") = "Chatterbox.WebAPI", "Chatterbox.WebAPI\Chatterbox.WebAPI.csproj", "{7CCE6E85-31C7-4996-B0A0-13C61867FFB7}"
EndProject
Project("{FAE04EC0-301F-11D3-BF4B-00C04F79EFBC}") = "Chatterbox.Core", "Chatterbox.Core\Chatterbox.Core.csproj", "{FE581E4A-AC52-4E1D-B1E4-3BFC3BA32C58}"
EndProject
Project("{FAE04EC0-301F-11D3-BF4B-00C04F79EFBC}") = "Chatterbox.Infrastructure", "Chatterbox.Infrastructure\Chatterbox.Infrastructure.csproj", "{59A6A826-9270-4AFB-B3CE-931BED63B1E4}"
EndProject
Global
	GlobalSection(SolutionConfigurationPlatforms) = preSolution
		Debug|Any CPU = Debug|Any CPU
		Release|Any CPU = Release|Any CPU
	EndGlobalSection
	GlobalSection(ProjectConfigurationPlatforms) = postSolution
		{7CCE6E85-31C7-4996-B0A0-13C61867FFB7}.Debug|Any CPU.ActiveCfg = Debug|Any CPU
		{7CCE6E85-31C7-4996-B0A0-13C61867FFB7}.Debug|Any CPU.Build.0 = Debug|Any CPU
		{7CCE6E85-31C7-4996-B0A0-13C61867FFB7}.Release|Any CPU.ActiveCfg = Release|Any CPU
		{7CCE6E85-31C7-4996-B0A0-13C61867FFB7}.Release|Any CPU.Build.0 = Release|Any CPU
		{FE581E4A-AC52-4E1D-B1E4-3BFC3BA32C58}.Debug|Any CPU.ActiveCfg = Debug|Any CPU
		{FE581E4A-AC52-4E1D-B1E4-3BFC3BA32C58}.Debug|Any CPU.Build.0 = Debug|Any CPU
		{FE581E4A-AC52-4E1D-B1E4-3BFC3BA32C58}.Release|Any CPU.ActiveCfg = Release|Any CPU
		{FE581E4A-AC52-4E1D-B1E4-3BFC3BA32C58}.Release|Any CPU.Build.0 = Release|Any CPU
		{59A6A826-9270-4AFB-B3CE-931BED63B1E4}.Debug|Any CPU.ActiveCfg = Debug|Any CPU
		{59A6A826-9270-4AFB-B3CE-931BED63B1E4}.Debug|Any CPU.Build.0 = Debug|Any CPU
		{59A6A826-9270-4AFB-B3CE-931BED63B1E4}.Release|Any CPU.ActiveCfg = Release|Any CPU
		{59A6A826-9270-4AFB-B3CE-931BED63B1E4}.Release|Any CPU.Build.0 = Release|Any CPU
	EndGlobalSection
	GlobalSection(SolutionProperties) = preSolution
		HideSolutionNode = FALSE
	EndGlobalSection
	GlobalSection(ExtensibilityGlobals) = postSolution
		SolutionGuid = {D4656741-2A04-46B1-BDF6-485824D5AE65}
	EndGlobalSection
EndGlobal
